
Microsoft Visual Studio Solution File, Format Version 12.00
# Visual Studio 2017
Project("{FAE04EC0-301F-11D3-BF4B-00C04F79EFBC}") = "VRSound.Plugins", "VRSound.Plugins.csproj", "{74F43C15-6062-E43B-8D0E-099B8670BD4E}"
EndProject
Project("{FAE04EC0-301F-11D3-BF4B-00C04F79EFBC}") = "VRSound", "VRSound.csproj", "{1A36CD6B-3E4C-25E4-8698-8858361733BE}"
EndProject
Global
	GlobalSection(SolutionConfigurationPlatforms) = preSolution
		Debug|Any CPU = Debug|Any CPU
		Release|Any CPU = Release|Any CPU
	EndGlobalSection
	GlobalSection(ProjectConfigurationPlatforms) = postSolution
		{74F43C15-6062-E43B-8D0E-099B8670BD4E}.Debug|Any CPU.ActiveCfg = Debug|Any CPU
		{74F43C15-6062-E43B-8D0E-099B8670BD4E}.Debug|Any CPU.Build.0 = Debug|Any CPU
		{74F43C15-6062-E43B-8D0E-099B8670BD4E}.Release|Any CPU.ActiveCfg = Release|Any CPU
		{74F43C15-6062-E43B-8D0E-099B8670BD4E}.Release|Any CPU.Build.0 = Release|Any CPU
		{1A36CD6B-3E4C-25E4-8698-8858361733BE}.Debug|Any CPU.ActiveCfg = Debug|Any CPU
		{1A36CD6B-3E4C-25E4-8698-8858361733BE}.Debug|Any CPU.Build.0 = Debug|Any CPU
		{1A36CD6B-3E4C-25E4-8698-8858361733BE}.Release|Any CPU.ActiveCfg = Release|Any CPU
		{1A36CD6B-3E4C-25E4-8698-8858361733BE}.Release|Any CPU.Build.0 = Release|Any CPU
	EndGlobalSection
	GlobalSection(SolutionProperties) = preSolution
		HideSolutionNode = FALSE
	EndGlobalSection
EndGlobal
